// !$*UTF8*$!
{
	archiveVersion = 1;
	classes = {
	};
	objectVersion = 50;
	objects = {

/* Begin PBXBuildFile section */
		01EB3A4C3802DEFFE0FA58F0 /* Pods_Arbel_IOS.framework in Frameworks */ = {isa = PBXBuildFile; fileRef = D5A7F856B1D7FB4A9D5D4E21 /* Pods_Arbel_IOS.framework */; };
		044CB2F92237CBBD00F0A410 /* AppDelegate.swift in Sources */ = {isa = PBXBuildFile; fileRef = 044CB2F82237CBBD00F0A410 /* AppDelegate.swift */; };
		044CB2FB2237CBBD00F0A410 /* ViewController.swift in Sources */ = {isa = PBXBuildFile; fileRef = 044CB2FA2237CBBD00F0A410 /* ViewController.swift */; };
		044CB2FE2237CBBD00F0A410 /* Main.storyboard in Resources */ = {isa = PBXBuildFile; fileRef = 044CB2FC2237CBBD00F0A410 /* Main.storyboard */; };
		044CB3002237CBBF00F0A410 /* Assets.xcassets in Resources */ = {isa = PBXBuildFile; fileRef = 044CB2FF2237CBBF00F0A410 /* Assets.xcassets */; };
		044CB3032237CBBF00F0A410 /* LaunchScreen.storyboard in Resources */ = {isa = PBXBuildFile; fileRef = 044CB3012237CBBF00F0A410 /* LaunchScreen.storyboard */; };
		044CB30E2237CBBF00F0A410 /* Arbel_IOSTests.swift in Sources */ = {isa = PBXBuildFile; fileRef = 044CB30D2237CBBF00F0A410 /* Arbel_IOSTests.swift */; };
		044CB3192237CBBF00F0A410 /* Arbel_IOSUITests.swift in Sources */ = {isa = PBXBuildFile; fileRef = 044CB3182237CBBF00F0A410 /* Arbel_IOSUITests.swift */; };
		046E90C9224040FF00C9BC16 /* TabarController.swift in Sources */ = {isa = PBXBuildFile; fileRef = 046E90C8224040FF00C9BC16 /* TabarController.swift */; };
		046E90CB2240580800C9BC16 /* HomeController.swift in Sources */ = {isa = PBXBuildFile; fileRef = 046E90CA2240580800C9BC16 /* HomeController.swift */; };
		046E90CD22405ACC00C9BC16 /* CalendarController.swift in Sources */ = {isa = PBXBuildFile; fileRef = 046E90CC22405ACC00C9BC16 /* CalendarController.swift */; };
		046E90CF22405AF800C9BC16 /* CoursesController.swift in Sources */ = {isa = PBXBuildFile; fileRef = 046E90CE22405AF800C9BC16 /* CoursesController.swift */; };
		046E90D122405B1E00C9BC16 /* ContactController.swift in Sources */ = {isa = PBXBuildFile; fileRef = 046E90D022405B1E00C9BC16 /* ContactController.swift */; };
		046E90D322405B3E00C9BC16 /* ProfileController.swift in Sources */ = {isa = PBXBuildFile; fileRef = 046E90D222405B3E00C9BC16 /* ProfileController.swift */; };
		049D129A22482AC000CD1548 /* LogInController.swift in Sources */ = {isa = PBXBuildFile; fileRef = 049D129922482AC000CD1548 /* LogInController.swift */; };
		32FCBB362268B8AE006EA399 /* PasswordController.swift in Sources */ = {isa = PBXBuildFile; fileRef = 32FCBB352268B8AE006EA399 /* PasswordController.swift */; };
		32FCBB382268B8CC006EA399 /* InformationController.swift in Sources */ = {isa = PBXBuildFile; fileRef = 32FCBB372268B8CC006EA399 /* InformationController.swift */; };
		A90ED804224BA6C500B71E49 /* DesignView.swift in Sources */ = {isa = PBXBuildFile; fileRef = A90ED803224BA6C500B71E49 /* DesignView.swift */; };
		A90ED806224CDB0100B71E49 /* NoteDesignView.swift in Sources */ = {isa = PBXBuildFile; fileRef = A90ED805224CDB0100B71E49 /* NoteDesignView.swift */; };
		A90ED80C224D24A300B71E49 /* UIViewExtension.swift in Sources */ = {isa = PBXBuildFile; fileRef = A90ED80B224D24A300B71E49 /* UIViewExtension.swift */; };
		A90ED80E224E355F00B71E49 /* CustomTableView.swift in Sources */ = {isa = PBXBuildFile; fileRef = A90ED80D224E355F00B71E49 /* CustomTableView.swift */; };
		A912211C224AD13900779E72 /* NoteController.swift in Sources */ = {isa = PBXBuildFile; fileRef = A912211B224AD13900779E72 /* NoteController.swift */; };
		A912211E224AE2CA00779E72 /* UnderlineTextField.swift in Sources */ = {isa = PBXBuildFile; fileRef = A912211D224AE2CA00779E72 /* UnderlineTextField.swift */; };
		A9943A072249151900ED3899 /* PaddingTextField.swift in Sources */ = {isa = PBXBuildFile; fileRef = A9943A062249151900ED3899 /* PaddingTextField.swift */; };
		A9943A0922491EEC00ED3899 /* PaddingtextView.swift in Sources */ = {isa = PBXBuildFile; fileRef = A9943A0822491EEC00ED3899 /* PaddingtextView.swift */; };
		A9B6A69E224EB5FA00AA6FDA /* LogMemory.swift in Sources */ = {isa = PBXBuildFile; fileRef = A9B6A69D224EB5FA00AA6FDA /* LogMemory.swift */; };
/* End PBXBuildFile section */

/* Begin PBXContainerItemProxy section */
		044CB30A2237CBBF00F0A410 /* PBXContainerItemProxy */ = {
			isa = PBXContainerItemProxy;
			containerPortal = 044CB2ED2237CBBD00F0A410 /* Project object */;
			proxyType = 1;
			remoteGlobalIDString = 044CB2F42237CBBD00F0A410;
			remoteInfo = "Arbel-IOS";
		};
		044CB3152237CBBF00F0A410 /* PBXContainerItemProxy */ = {
			isa = PBXContainerItemProxy;
			containerPortal = 044CB2ED2237CBBD00F0A410 /* Project object */;
			proxyType = 1;
			remoteGlobalIDString = 044CB2F42237CBBD00F0A410;
			remoteInfo = "Arbel-IOS";
		};
/* End PBXContainerItemProxy section */

/* Begin PBXFileReference section */
		044CB2F52237CBBD00F0A410 /* Arbel-IOS.app */ = {isa = PBXFileReference; explicitFileType = wrapper.application; includeInIndex = 0; path = "Arbel-IOS.app"; sourceTree = BUILT_PRODUCTS_DIR; };
		044CB2F82237CBBD00F0A410 /* AppDelegate.swift */ = {isa = PBXFileReference; lastKnownFileType = sourcecode.swift; path = AppDelegate.swift; sourceTree = "<group>"; };
		044CB2FA2237CBBD00F0A410 /* ViewController.swift */ = {isa = PBXFileReference; lastKnownFileType = sourcecode.swift; path = ViewController.swift; sourceTree = "<group>"; };
		044CB2FD2237CBBD00F0A410 /* Base */ = {isa = PBXFileReference; lastKnownFileType = file.storyboard; name = Base; path = Base.lproj/Main.storyboard; sourceTree = "<group>"; };
		044CB2FF2237CBBF00F0A410 /* Assets.xcassets */ = {isa = PBXFileReference; lastKnownFileType = folder.assetcatalog; path = Assets.xcassets; sourceTree = "<group>"; };
		044CB3022237CBBF00F0A410 /* Base */ = {isa = PBXFileReference; lastKnownFileType = file.storyboard; name = Base; path = Base.lproj/LaunchScreen.storyboard; sourceTree = "<group>"; };
		044CB3042237CBBF00F0A410 /* Info.plist */ = {isa = PBXFileReference; lastKnownFileType = text.plist.xml; path = Info.plist; sourceTree = "<group>"; };
		044CB3092237CBBF00F0A410 /* Arbel-IOSTests.xctest */ = {isa = PBXFileReference; explicitFileType = wrapper.cfbundle; includeInIndex = 0; path = "Arbel-IOSTests.xctest"; sourceTree = BUILT_PRODUCTS_DIR; };
		044CB30D2237CBBF00F0A410 /* Arbel_IOSTests.swift */ = {isa = PBXFileReference; lastKnownFileType = sourcecode.swift; path = Arbel_IOSTests.swift; sourceTree = "<group>"; };
		044CB30F2237CBBF00F0A410 /* Info.plist */ = {isa = PBXFileReference; lastKnownFileType = text.plist.xml; path = Info.plist; sourceTree = "<group>"; };
		044CB3142237CBBF00F0A410 /* Arbel-IOSUITests.xctest */ = {isa = PBXFileReference; explicitFileType = wrapper.cfbundle; includeInIndex = 0; path = "Arbel-IOSUITests.xctest"; sourceTree = BUILT_PRODUCTS_DIR; };
		044CB3182237CBBF00F0A410 /* Arbel_IOSUITests.swift */ = {isa = PBXFileReference; lastKnownFileType = sourcecode.swift; path = Arbel_IOSUITests.swift; sourceTree = "<group>"; };
		044CB31A2237CBBF00F0A410 /* Info.plist */ = {isa = PBXFileReference; lastKnownFileType = text.plist.xml; path = Info.plist; sourceTree = "<group>"; };
		046E90C8224040FF00C9BC16 /* TabarController.swift */ = {isa = PBXFileReference; lastKnownFileType = sourcecode.swift; path = TabarController.swift; sourceTree = "<group>"; };
		046E90CA2240580800C9BC16 /* HomeController.swift */ = {isa = PBXFileReference; lastKnownFileType = sourcecode.swift; path = HomeController.swift; sourceTree = "<group>"; };
		046E90CC22405ACC00C9BC16 /* CalendarController.swift */ = {isa = PBXFileReference; lastKnownFileType = sourcecode.swift; path = CalendarController.swift; sourceTree = "<group>"; };
		046E90CE22405AF800C9BC16 /* CoursesController.swift */ = {isa = PBXFileReference; lastKnownFileType = sourcecode.swift; path = CoursesController.swift; sourceTree = "<group>"; };
		046E90D022405B1E00C9BC16 /* ContactController.swift */ = {isa = PBXFileReference; lastKnownFileType = sourcecode.swift; path = ContactController.swift; sourceTree = "<group>"; };
		046E90D222405B3E00C9BC16 /* ProfileController.swift */ = {isa = PBXFileReference; lastKnownFileType = sourcecode.swift; path = ProfileController.swift; sourceTree = "<group>"; };
		049D129922482AC000CD1548 /* LogInController.swift */ = {isa = PBXFileReference; lastKnownFileType = sourcecode.swift; path = LogInController.swift; sourceTree = "<group>"; };
		32FCBB352268B8AE006EA399 /* PasswordController.swift */ = {isa = PBXFileReference; lastKnownFileType = sourcecode.swift; path = PasswordController.swift; sourceTree = "<group>"; };
		32FCBB372268B8CC006EA399 /* InformationController.swift */ = {isa = PBXFileReference; lastKnownFileType = sourcecode.swift; path = InformationController.swift; sourceTree = "<group>"; };
		8326CE3A93FD07E2C99ADA02 /* Pods_Arbel_IOSTests.framework */ = {isa = PBXFileReference; explicitFileType = wrapper.framework; includeInIndex = 0; path = Pods_Arbel_IOSTests.framework; sourceTree = BUILT_PRODUCTS_DIR; };
		9F8FF6F13083F23CAAF23347 /* Pods-Arbel-IOS.debug.xcconfig */ = {isa = PBXFileReference; includeInIndex = 1; lastKnownFileType = text.xcconfig; name = "Pods-Arbel-IOS.debug.xcconfig"; path = "Pods/Target Support Files/Pods-Arbel-IOS/Pods-Arbel-IOS.debug.xcconfig"; sourceTree = "<group>"; };
		A90ED803224BA6C500B71E49 /* DesignView.swift */ = {isa = PBXFileReference; lastKnownFileType = sourcecode.swift; path = DesignView.swift; sourceTree = "<group>"; };
		A90ED805224CDB0100B71E49 /* NoteDesignView.swift */ = {isa = PBXFileReference; lastKnownFileType = sourcecode.swift; path = NoteDesignView.swift; sourceTree = "<group>"; };
		A90ED80B224D24A300B71E49 /* UIViewExtension.swift */ = {isa = PBXFileReference; lastKnownFileType = sourcecode.swift; path = UIViewExtension.swift; sourceTree = "<group>"; };
		A90ED80D224E355F00B71E49 /* CustomTableView.swift */ = {isa = PBXFileReference; lastKnownFileType = sourcecode.swift; path = CustomTableView.swift; sourceTree = "<group>"; };
		A912211B224AD13900779E72 /* NoteController.swift */ = {isa = PBXFileReference; lastKnownFileType = sourcecode.swift; path = NoteController.swift; sourceTree = "<group>"; };
		A912211D224AE2CA00779E72 /* UnderlineTextField.swift */ = {isa = PBXFileReference; lastKnownFileType = sourcecode.swift; path = UnderlineTextField.swift; sourceTree = "<group>"; };
		A94D6E0D224A588100AAA103 /* ObjCBridge.h */ = {isa = PBXFileReference; lastKnownFileType = sourcecode.c.h; path = ObjCBridge.h; sourceTree = "<group>"; };
		A9943A062249151900ED3899 /* PaddingTextField.swift */ = {isa = PBXFileReference; lastKnownFileType = sourcecode.swift; path = PaddingTextField.swift; sourceTree = "<group>"; };
		A9943A0822491EEC00ED3899 /* PaddingtextView.swift */ = {isa = PBXFileReference; lastKnownFileType = sourcecode.swift; path = PaddingtextView.swift; sourceTree = "<group>"; };
		A9B6A69D224EB5FA00AA6FDA /* LogMemory.swift */ = {isa = PBXFileReference; lastKnownFileType = sourcecode.swift; path = LogMemory.swift; sourceTree = "<group>"; };
		D5A7F856B1D7FB4A9D5D4E21 /* Pods_Arbel_IOS.framework */ = {isa = PBXFileReference; explicitFileType = wrapper.framework; includeInIndex = 0; path = Pods_Arbel_IOS.framework; sourceTree = BUILT_PRODUCTS_DIR; };
		E22AAF5412B0D6F1C2C996BB /* Pods_Arbel_IOSUITests.framework */ = {isa = PBXFileReference; explicitFileType = wrapper.framework; includeInIndex = 0; path = Pods_Arbel_IOSUITests.framework; sourceTree = BUILT_PRODUCTS_DIR; };
		FF2544FAE85A6DA607EFF1F4 /* Pods-Arbel-IOS.release.xcconfig */ = {isa = PBXFileReference; includeInIndex = 1; lastKnownFileType = text.xcconfig; name = "Pods-Arbel-IOS.release.xcconfig"; path = "Pods/Target Support Files/Pods-Arbel-IOS/Pods-Arbel-IOS.release.xcconfig"; sourceTree = "<group>"; };
/* End PBXFileReference section */

/* Begin PBXFrameworksBuildPhase section */
		044CB2F22237CBBD00F0A410 /* Frameworks */ = {
			isa = PBXFrameworksBuildPhase;
			buildActionMask = 2147483647;
			files = (
				01EB3A4C3802DEFFE0FA58F0 /* Pods_Arbel_IOS.framework in Frameworks */,
			);
			runOnlyForDeploymentPostprocessing = 0;
		};
		044CB3062237CBBF00F0A410 /* Frameworks */ = {
			isa = PBXFrameworksBuildPhase;
			buildActionMask = 2147483647;
			files = (
			);
			runOnlyForDeploymentPostprocessing = 0;
		};
		044CB3112237CBBF00F0A410 /* Frameworks */ = {
			isa = PBXFrameworksBuildPhase;
			buildActionMask = 2147483647;
			files = (
			);
			runOnlyForDeploymentPostprocessing = 0;
		};
/* End PBXFrameworksBuildPhase section */

/* Begin PBXGroup section */
		044CB2EC2237CBBD00F0A410 = {
			isa = PBXGroup;
			children = (
				044CB2F72237CBBD00F0A410 /* Arbel-IOS */,
				044CB30C2237CBBF00F0A410 /* Arbel-IOSTests */,
				044CB3172237CBBF00F0A410 /* Arbel-IOSUITests */,
				044CB2F62237CBBD00F0A410 /* Products */,
				2073715DC458F6E9C066A6EF /* Pods */,
				F393F425E70A14346D9F3A42 /* Frameworks */,
			);
			sourceTree = "<group>";
		};
		044CB2F62237CBBD00F0A410 /* Products */ = {
			isa = PBXGroup;
			children = (
				044CB2F52237CBBD00F0A410 /* Arbel-IOS.app */,
				044CB3092237CBBF00F0A410 /* Arbel-IOSTests.xctest */,
				044CB3142237CBBF00F0A410 /* Arbel-IOSUITests.xctest */,
			);
			name = Products;
			sourceTree = "<group>";
		};
		044CB2F72237CBBD00F0A410 /* Arbel-IOS */ = {
			isa = PBXGroup;
			children = (
				044CB2F82237CBBD00F0A410 /* AppDelegate.swift */,
				046E90C8224040FF00C9BC16 /* TabarController.swift */,
				044CB2FA2237CBBD00F0A410 /* ViewController.swift */,
				049D129922482AC000CD1548 /* LogInController.swift */,
				A912211D224AE2CA00779E72 /* UnderlineTextField.swift */,
				046E90CA2240580800C9BC16 /* HomeController.swift */,
				A912211B224AD13900779E72 /* NoteController.swift */,
				A90ED805224CDB0100B71E49 /* NoteDesignView.swift */,
				A90ED80D224E355F00B71E49 /* CustomTableView.swift */,
				A9B6A69D224EB5FA00AA6FDA /* LogMemory.swift */,
				046E90CC22405ACC00C9BC16 /* CalendarController.swift */,
				046E90CE22405AF800C9BC16 /* CoursesController.swift */,
				A90ED803224BA6C500B71E49 /* DesignView.swift */,
				046E90D022405B1E00C9BC16 /* ContactController.swift */,
				A9943A062249151900ED3899 /* PaddingTextField.swift */,
				A9943A0822491EEC00ED3899 /* PaddingtextView.swift */,
				046E90D222405B3E00C9BC16 /* ProfileController.swift */,
				A90ED80B224D24A300B71E49 /* UIViewExtension.swift */,
				044CB2FC2237CBBD00F0A410 /* Main.storyboard */,
				044CB2FF2237CBBF00F0A410 /* Assets.xcassets */,
				044CB3012237CBBF00F0A410 /* LaunchScreen.storyboard */,
				044CB3042237CBBF00F0A410 /* Info.plist */,
				A94D6E0D224A588100AAA103 /* ObjCBridge.h */,
				32FCBB352268B8AE006EA399 /* PasswordController.swift */,
				32FCBB372268B8CC006EA399 /* InformationController.swift */,
			);
			path = "Arbel-IOS";
			sourceTree = "<group>";
		};
		044CB30C2237CBBF00F0A410 /* Arbel-IOSTests */ = {
			isa = PBXGroup;
			children = (
				044CB30D2237CBBF00F0A410 /* Arbel_IOSTests.swift */,
				044CB30F2237CBBF00F0A410 /* Info.plist */,
			);
			path = "Arbel-IOSTests";
			sourceTree = "<group>";
		};
		044CB3172237CBBF00F0A410 /* Arbel-IOSUITests */ = {
			isa = PBXGroup;
			children = (
				044CB3182237CBBF00F0A410 /* Arbel_IOSUITests.swift */,
				044CB31A2237CBBF00F0A410 /* Info.plist */,
			);
			path = "Arbel-IOSUITests";
			sourceTree = "<group>";
		};
		2073715DC458F6E9C066A6EF /* Pods */ = {
			isa = PBXGroup;
			children = (
				9F8FF6F13083F23CAAF23347 /* Pods-Arbel-IOS.debug.xcconfig */,
				FF2544FAE85A6DA607EFF1F4 /* Pods-Arbel-IOS.release.xcconfig */,
			);
			name = Pods;
			sourceTree = "<group>";
		};
		F393F425E70A14346D9F3A42 /* Frameworks */ = {
			isa = PBXGroup;
			children = (
				D5A7F856B1D7FB4A9D5D4E21 /* Pods_Arbel_IOS.framework */,
				8326CE3A93FD07E2C99ADA02 /* Pods_Arbel_IOSTests.framework */,
				E22AAF5412B0D6F1C2C996BB /* Pods_Arbel_IOSUITests.framework */,
			);
			name = Frameworks;
			sourceTree = "<group>";
		};
/* End PBXGroup section */

/* Begin PBXNativeTarget section */
		044CB2F42237CBBD00F0A410 /* Arbel-IOS */ = {
			isa = PBXNativeTarget;
			buildConfigurationList = 044CB31D2237CBBF00F0A410 /* Build configuration list for PBXNativeTarget "Arbel-IOS" */;
			buildPhases = (
				FF5D385179FB9C62BF6A0B2D /* [CP] Check Pods Manifest.lock */,
				044CB2F12237CBBD00F0A410 /* Sources */,
				044CB2F22237CBBD00F0A410 /* Frameworks */,
				044CB2F32237CBBD00F0A410 /* Resources */,
				24092F54ABC3C22BD5A13AC3 /* [CP] Embed Pods Frameworks */,
			);
			buildRules = (
			);
			dependencies = (
			);
			name = "Arbel-IOS";
			productName = "Arbel-IOS";
			productReference = 044CB2F52237CBBD00F0A410 /* Arbel-IOS.app */;
			productType = "com.apple.product-type.application";
		};
		044CB3082237CBBF00F0A410 /* Arbel-IOSTests */ = {
			isa = PBXNativeTarget;
			buildConfigurationList = 044CB3202237CBBF00F0A410 /* Build configuration list for PBXNativeTarget "Arbel-IOSTests" */;
			buildPhases = (
				044CB3052237CBBF00F0A410 /* Sources */,
				044CB3062237CBBF00F0A410 /* Frameworks */,
				044CB3072237CBBF00F0A410 /* Resources */,
			);
			buildRules = (
			);
			dependencies = (
				044CB30B2237CBBF00F0A410 /* PBXTargetDependency */,
			);
			name = "Arbel-IOSTests";
			productName = "Arbel-IOSTests";
			productReference = 044CB3092237CBBF00F0A410 /* Arbel-IOSTests.xctest */;
			productType = "com.apple.product-type.bundle.unit-test";
		};
		044CB3132237CBBF00F0A410 /* Arbel-IOSUITests */ = {
			isa = PBXNativeTarget;
			buildConfigurationList = 044CB3232237CBBF00F0A410 /* Build configuration list for PBXNativeTarget "Arbel-IOSUITests" */;
			buildPhases = (
				044CB3102237CBBF00F0A410 /* Sources */,
				044CB3112237CBBF00F0A410 /* Frameworks */,
				044CB3122237CBBF00F0A410 /* Resources */,
			);
			buildRules = (
			);
			dependencies = (
				044CB3162237CBBF00F0A410 /* PBXTargetDependency */,
			);
			name = "Arbel-IOSUITests";
			productName = "Arbel-IOSUITests";
			productReference = 044CB3142237CBBF00F0A410 /* Arbel-IOSUITests.xctest */;
			productType = "com.apple.product-type.bundle.ui-testing";
		};
/* End PBXNativeTarget section */

/* Begin PBXProject section */
		044CB2ED2237CBBD00F0A410 /* Project object */ = {
			isa = PBXProject;
			attributes = {
				LastSwiftUpdateCheck = 1010;
				LastUpgradeCheck = 1010;
				ORGANIZATIONNAME = Mac;
				TargetAttributes = {
					044CB2F42237CBBD00F0A410 = {
						CreatedOnToolsVersion = 10.1;
						LastSwiftMigration = 1020;
					};
					044CB3082237CBBF00F0A410 = {
						CreatedOnToolsVersion = 10.1;
						LastSwiftMigration = 1020;
						TestTargetID = 044CB2F42237CBBD00F0A410;
					};
					044CB3132237CBBF00F0A410 = {
						CreatedOnToolsVersion = 10.1;
						LastSwiftMigration = 1020;
						TestTargetID = 044CB2F42237CBBD00F0A410;
					};
				};
			};
			buildConfigurationList = 044CB2F02237CBBD00F0A410 /* Build configuration list for PBXProject "Arbel-IOS" */;
			compatibilityVersion = "Xcode 9.3";
			developmentRegion = en;
			hasScannedForEncodings = 0;
			knownRegions = (
				en,
				Base,
			);
			mainGroup = 044CB2EC2237CBBD00F0A410;
			productRefGroup = 044CB2F62237CBBD00F0A410 /* Products */;
			projectDirPath = "";
			projectRoot = "";
			targets = (
				044CB2F42237CBBD00F0A410 /* Arbel-IOS */,
				044CB3082237CBBF00F0A410 /* Arbel-IOSTests */,
				044CB3132237CBBF00F0A410 /* Arbel-IOSUITests */,
			);
		};
/* End PBXProject section */

/* Begin PBXResourcesBuildPhase section */
		044CB2F32237CBBD00F0A410 /* Resources */ = {
			isa = PBXResourcesBuildPhase;
			buildActionMask = 2147483647;
			files = (
				044CB3032237CBBF00F0A410 /* LaunchScreen.storyboard in Resources */,
				044CB3002237CBBF00F0A410 /* Assets.xcassets in Resources */,
				044CB2FE2237CBBD00F0A410 /* Main.storyboard in Resources */,
			);
			runOnlyForDeploymentPostprocessing = 0;
		};
		044CB3072237CBBF00F0A410 /* Resources */ = {
			isa = PBXResourcesBuildPhase;
			buildActionMask = 2147483647;
			files = (
			);
			runOnlyForDeploymentPostprocessing = 0;
		};
		044CB3122237CBBF00F0A410 /* Resources */ = {
			isa = PBXResourcesBuildPhase;
			buildActionMask = 2147483647;
			files = (
			);
			runOnlyForDeploymentPostprocessing = 0;
		};
/* End PBXResourcesBuildPhase section */

/* Begin PBXShellScriptBuildPhase section */
		24092F54ABC3C22BD5A13AC3 /* [CP] Embed Pods Frameworks */ = {
			isa = PBXShellScriptBuildPhase;
			buildActionMask = 2147483647;
			files = (
			);
			inputFileListPaths = (
			);
			inputPaths = (
				"${SRCROOT}/Pods/Target Support Files/Pods-Arbel-IOS/Pods-Arbel-IOS-frameworks.sh",
				"${BUILT_PRODUCTS_DIR}/Alamofire/Alamofire.framework",
				"${BUILT_PRODUCTS_DIR}/Calendar-iOS/Calendar_iOS.framework",
				"${BUILT_PRODUCTS_DIR}/FSCalendar/FSCalendar.framework",
				"${BUILT_PRODUCTS_DIR}/JTAppleCalendar/JTAppleCalendar.framework",
			);
			name = "[CP] Embed Pods Frameworks";
			outputFileListPaths = (
			);
			outputPaths = (
				"${TARGET_BUILD_DIR}/${FRAMEWORKS_FOLDER_PATH}/Alamofire.framework",
				"${TARGET_BUILD_DIR}/${FRAMEWORKS_FOLDER_PATH}/Calendar_iOS.framework",
				"${TARGET_BUILD_DIR}/${FRAMEWORKS_FOLDER_PATH}/FSCalendar.framework",
				"${TARGET_BUILD_DIR}/${FRAMEWORKS_FOLDER_PATH}/JTAppleCalendar.framework",
			);
			runOnlyForDeploymentPostprocessing = 0;
			shellPath = /bin/sh;
			shellScript = "\"${SRCROOT}/Pods/Target Support Files/Pods-Arbel-IOS/Pods-Arbel-IOS-frameworks.sh\"\n";
			showEnvVarsInLog = 0;
		};
		FF5D385179FB9C62BF6A0B2D /* [CP] Check Pods Manifest.lock */ = {
			isa = PBXShellScriptBuildPhase;
			buildActionMask = 2147483647;
			files = (
			);
			inputFileListPaths = (
			);
			inputPaths = (
				"${PODS_PODFILE_DIR_PATH}/Podfile.lock",
				"${PODS_ROOT}/Manifest.lock",
			);
			name = "[CP] Check Pods Manifest.lock";
			outputFileListPaths = (
			);
			outputPaths = (
				"$(DERIVED_FILE_DIR)/Pods-Arbel-IOS-checkManifestLockResult.txt",
			);
			runOnlyForDeploymentPostprocessing = 0;
			shellPath = /bin/sh;
			shellScript = "diff \"${PODS_PODFILE_DIR_PATH}/Podfile.lock\" \"${PODS_ROOT}/Manifest.lock\" > /dev/null\nif [ $? != 0 ] ; then\n    # print error to STDERR\n    echo \"error: The sandbox is not in sync with the Podfile.lock. Run 'pod install' or update your CocoaPods installation.\" >&2\n    exit 1\nfi\n# This output is used by Xcode 'outputs' to avoid re-running this script phase.\necho \"SUCCESS\" > \"${SCRIPT_OUTPUT_FILE_0}\"\n";
			showEnvVarsInLog = 0;
		};
/* End PBXShellScriptBuildPhase section */

/* Begin PBXSourcesBuildPhase section */
		044CB2F12237CBBD00F0A410 /* Sources */ = {
			isa = PBXSourcesBuildPhase;
			buildActionMask = 2147483647;
			files = (
				A912211E224AE2CA00779E72 /* UnderlineTextField.swift in Sources */,
				A90ED806224CDB0100B71E49 /* NoteDesignView.swift in Sources */,
				046E90D122405B1E00C9BC16 /* ContactController.swift in Sources */,
				A912211C224AD13900779E72 /* NoteController.swift in Sources */,
				32FCBB382268B8CC006EA399 /* InformationController.swift in Sources */,
				046E90CB2240580800C9BC16 /* HomeController.swift in Sources */,
				A9943A0922491EEC00ED3899 /* PaddingtextView.swift in Sources */,
				A90ED80E224E355F00B71E49 /* CustomTableView.swift in Sources */,
				A90ED80C224D24A300B71E49 /* UIViewExtension.swift in Sources */,
				046E90CF22405AF800C9BC16 /* CoursesController.swift in Sources */,
				A90ED804224BA6C500B71E49 /* DesignView.swift in Sources */,
				044CB2FB2237CBBD00F0A410 /* ViewController.swift in Sources */,
				049D129A22482AC000CD1548 /* LogInController.swift in Sources */,
				046E90C9224040FF00C9BC16 /* TabarController.swift in Sources */,
				046E90D322405B3E00C9BC16 /* ProfileController.swift in Sources */,
				044CB2F92237CBBD00F0A410 /* AppDelegate.swift in Sources */,
				32FCBB362268B8AE006EA399 /* PasswordController.swift in Sources */,
				A9B6A69E224EB5FA00AA6FDA /* LogMemory.swift in Sources */,
				046E90CD22405ACC00C9BC16 /* CalendarController.swift in Sources */,
				A9943A072249151900ED3899 /* PaddingTextField.swift in Sources */,
			);
			runOnlyForDeploymentPostprocessing = 0;
		};
		044CB3052237CBBF00F0A410 /* Sources */ = {
			isa = PBXSourcesBuildPhase;
			buildActionMask = 2147483647;
			files = (
				044CB30E2237CBBF00F0A410 /* Arbel_IOSTests.swift in Sources */,
			);
			runOnlyForDeploymentPostprocessing = 0;
		};
		044CB3102237CBBF00F0A410 /* Sources */ = {
			isa = PBXSourcesBuildPhase;
			buildActionMask = 2147483647;
			files = (
				044CB3192237CBBF00F0A410 /* Arbel_IOSUITests.swift in Sources */,
			);
			runOnlyForDeploymentPostprocessing = 0;
		};
/* End PBXSourcesBuildPhase section */

/* Begin PBXTargetDependency section */
		044CB30B2237CBBF00F0A410 /* PBXTargetDependency */ = {
			isa = PBXTargetDependency;
			target = 044CB2F42237CBBD00F0A410 /* Arbel-IOS */;
			targetProxy = 044CB30A2237CBBF00F0A410 /* PBXContainerItemProxy */;
		};
		044CB3162237CBBF00F0A410 /* PBXTargetDependency */ = {
			isa = PBXTargetDependency;
			target = 044CB2F42237CBBD00F0A410 /* Arbel-IOS */;
			targetProxy = 044CB3152237CBBF00F0A410 /* PBXContainerItemProxy */;
		};
/* End PBXTargetDependency section */

/* Begin PBXVariantGroup section */
		044CB2FC2237CBBD00F0A410 /* Main.storyboard */ = {
			isa = PBXVariantGroup;
			children = (
				044CB2FD2237CBBD00F0A410 /* Base */,
			);
			name = Main.storyboard;
			sourceTree = "<group>";
		};
		044CB3012237CBBF00F0A410 /* LaunchScreen.storyboard */ = {
			isa = PBXVariantGroup;
			children = (
				044CB3022237CBBF00F0A410 /* Base */,
			);
			name = LaunchScreen.storyboard;
			sourceTree = "<group>";
		};
/* End PBXVariantGroup section */

/* Begin XCBuildConfiguration section */
		044CB31B2237CBBF00F0A410 /* Debug */ = {
			isa = XCBuildConfiguration;
			buildSettings = {
				ALWAYS_SEARCH_USER_PATHS = NO;
				CLANG_ANALYZER_NONNULL = YES;
				CLANG_ANALYZER_NUMBER_OBJECT_CONVERSION = YES_AGGRESSIVE;
				CLANG_CXX_LANGUAGE_STANDARD = "gnu++14";
				CLANG_CXX_LIBRARY = "libc++";
				CLANG_ENABLE_MODULES = YES;
				CLANG_ENABLE_OBJC_ARC = YES;
				CLANG_ENABLE_OBJC_WEAK = YES;
				CLANG_WARN_BLOCK_CAPTURE_AUTORELEASING = YES;
				CLANG_WARN_BOOL_CONVERSION = YES;
				CLANG_WARN_COMMA = YES;
				CLANG_WARN_CONSTANT_CONVERSION = YES;
				CLANG_WARN_DEPRECATED_OBJC_IMPLEMENTATIONS = YES;
				CLANG_WARN_DIRECT_OBJC_ISA_USAGE = YES_ERROR;
				CLANG_WARN_DOCUMENTATION_COMMENTS = YES;
				CLANG_WARN_EMPTY_BODY = YES;
				CLANG_WARN_ENUM_CONVERSION = YES;
				CLANG_WARN_INFINITE_RECURSION = YES;
				CLANG_WARN_INT_CONVERSION = YES;
				CLANG_WARN_NON_LITERAL_NULL_CONVERSION = YES;
				CLANG_WARN_OBJC_IMPLICIT_RETAIN_SELF = YES;
				CLANG_WARN_OBJC_LITERAL_CONVERSION = YES;
				CLANG_WARN_OBJC_ROOT_CLASS = YES_ERROR;
				CLANG_WARN_RANGE_LOOP_ANALYSIS = YES;
				CLANG_WARN_STRICT_PROTOTYPES = YES;
				CLANG_WARN_SUSPICIOUS_MOVE = YES;
				CLANG_WARN_UNGUARDED_AVAILABILITY = YES_AGGRESSIVE;
				CLANG_WARN_UNREACHABLE_CODE = YES;
				CLANG_WARN__DUPLICATE_METHOD_MATCH = YES;
				CODE_SIGN_IDENTITY = "iPhone Developer";
				COPY_PHASE_STRIP = NO;
				DEBUG_INFORMATION_FORMAT = dwarf;
				ENABLE_STRICT_OBJC_MSGSEND = YES;
				ENABLE_TESTABILITY = YES;
				GCC_C_LANGUAGE_STANDARD = gnu11;
				GCC_DYNAMIC_NO_PIC = NO;
				GCC_NO_COMMON_BLOCKS = YES;
				GCC_OPTIMIZATION_LEVEL = 0;
				GCC_PREPROCESSOR_DEFINITIONS = (
					"DEBUG=1",
					"$(inherited)",
				);
				GCC_WARN_64_TO_32_BIT_CONVERSION = YES;
				GCC_WARN_ABOUT_RETURN_TYPE = YES_ERROR;
				GCC_WARN_UNDECLARED_SELECTOR = YES;
				GCC_WARN_UNINITIALIZED_AUTOS = YES_AGGRESSIVE;
				GCC_WARN_UNUSED_FUNCTION = YES;
				GCC_WARN_UNUSED_VARIABLE = YES;
				IPHONEOS_DEPLOYMENT_TARGET = 12.1;
				MTL_ENABLE_DEBUG_INFO = INCLUDE_SOURCE;
				MTL_FAST_MATH = YES;
				ONLY_ACTIVE_ARCH = YES;
				SDKROOT = iphoneos;
				SWIFT_ACTIVE_COMPILATION_CONDITIONS = DEBUG;
				SWIFT_OPTIMIZATION_LEVEL = "-Onone";
			};
			name = Debug;
		};
		044CB31C2237CBBF00F0A410 /* Release */ = {
			isa = XCBuildConfiguration;
			buildSettings = {
				ALWAYS_SEARCH_USER_PATHS = NO;
				CLANG_ANALYZER_NONNULL = YES;
				CLANG_ANALYZER_NUMBER_OBJECT_CONVERSION = YES_AGGRESSIVE;
				CLANG_CXX_LANGUAGE_STANDARD = "gnu++14";
				CLANG_CXX_LIBRARY = "libc++";
				CLANG_ENABLE_MODULES = YES;
				CLANG_ENABLE_OBJC_ARC = YES;
				CLANG_ENABLE_OBJC_WEAK = YES;
				CLANG_WARN_BLOCK_CAPTURE_AUTORELEASING = YES;
				CLANG_WARN_BOOL_CONVERSION = YES;
				CLANG_WARN_COMMA = YES;
				CLANG_WARN_CONSTANT_CONVERSION = YES;
				CLANG_WARN_DEPRECATED_OBJC_IMPLEMENTATIONS = YES;
				CLANG_WARN_DIRECT_OBJC_ISA_USAGE = YES_ERROR;
				CLANG_WARN_DOCUMENTATION_COMMENTS = YES;
				CLANG_WARN_EMPTY_BODY = YES;
				CLANG_WARN_ENUM_CONVERSION = YES;
				CLANG_WARN_INFINITE_RECURSION = YES;
				CLANG_WARN_INT_CONVERSION = YES;
				CLANG_WARN_NON_LITERAL_NULL_CONVERSION = YES;
				CLANG_WARN_OBJC_IMPLICIT_RETAIN_SELF = YES;
				CLANG_WARN_OBJC_LITERAL_CONVERSION = YES;
				CLANG_WARN_OBJC_ROOT_CLASS = YES_ERROR;
				CLANG_WARN_RANGE_LOOP_ANALYSIS = YES;
				CLANG_WARN_STRICT_PROTOTYPES = YES;
				CLANG_WARN_SUSPICIOUS_MOVE = YES;
				CLANG_WARN_UNGUARDED_AVAILABILITY = YES_AGGRESSIVE;
				CLANG_WARN_UNREACHABLE_CODE = YES;
				CLANG_WARN__DUPLICATE_METHOD_MATCH = YES;
				CODE_SIGN_IDENTITY = "iPhone Developer";
				COPY_PHASE_STRIP = NO;
				DEBUG_INFORMATION_FORMAT = "dwarf-with-dsym";
				ENABLE_NS_ASSERTIONS = NO;
				ENABLE_STRICT_OBJC_MSGSEND = YES;
				GCC_C_LANGUAGE_STANDARD = gnu11;
				GCC_NO_COMMON_BLOCKS = YES;
				GCC_WARN_64_TO_32_BIT_CONVERSION = YES;
				GCC_WARN_ABOUT_RETURN_TYPE = YES_ERROR;
				GCC_WARN_UNDECLARED_SELECTOR = YES;
				GCC_WARN_UNINITIALIZED_AUTOS = YES_AGGRESSIVE;
				GCC_WARN_UNUSED_FUNCTION = YES;
				GCC_WARN_UNUSED_VARIABLE = YES;
				IPHONEOS_DEPLOYMENT_TARGET = 12.1;
				MTL_ENABLE_DEBUG_INFO = NO;
				MTL_FAST_MATH = YES;
				SDKROOT = iphoneos;
				SWIFT_COMPILATION_MODE = wholemodule;
				SWIFT_OPTIMIZATION_LEVEL = "-O";
				VALIDATE_PRODUCT = YES;
			};
			name = Release;
		};
		044CB31E2237CBBF00F0A410 /* Debug */ = {
			isa = XCBuildConfiguration;
			baseConfigurationReference = 9F8FF6F13083F23CAAF23347 /* Pods-Arbel-IOS.debug.xcconfig */;
			buildSettings = {
				ASSETCATALOG_COMPILER_APPICON_NAME = AppIcon;
				CODE_SIGN_IDENTITY = "iPhone Developer";
				CODE_SIGN_STYLE = Automatic;
				DEVELOPMENT_TEAM = N34DY4RDKG;
				INFOPLIST_FILE = "Arbel-IOS/Info.plist";
				LD_RUNPATH_SEARCH_PATHS = (
					"$(inherited)",
					"@executable_path/Frameworks",
				);
				PRODUCT_BUNDLE_IDENTIFIER = "marcellopajntar.Arbel-IOS";
				PRODUCT_NAME = "$(TARGET_NAME)";
				PROVISIONING_PROFILE_SPECIFIER = "";
				SWIFT_OBJC_BRIDGING_HEADER = "${PROJECT_NAME}/ObjCBridge.h";
				SWIFT_VERSION = 5.0;
				TARGETED_DEVICE_FAMILY = 1;
			};
			name = Debug;
		};
		044CB31F2237CBBF00F0A410 /* Release */ = {
			isa = XCBuildConfiguration;
			baseConfigurationReference = FF2544FAE85A6DA607EFF1F4 /* Pods-Arbel-IOS.release.xcconfig */;
			buildSettings = {
				ASSETCATALOG_COMPILER_APPICON_NAME = AppIcon;
				CODE_SIGN_IDENTITY = "iPhone Developer";
				CODE_SIGN_STYLE = Automatic;
				DEVELOPMENT_TEAM = N34DY4RDKG;
				INFOPLIST_FILE = "Arbel-IOS/Info.plist";
				LD_RUNPATH_SEARCH_PATHS = (
					"$(inherited)",
					"@executable_path/Frameworks",
				);
				PRODUCT_BUNDLE_IDENTIFIER = "marcellopajntar.Arbel-IOS";
				PRODUCT_NAME = "$(TARGET_NAME)";
				PROVISIONING_PROFILE_SPECIFIER = "";
				SWIFT_OBJC_BRIDGING_HEADER = "${PROJECT_NAME}/ObjCBridge.h";
				SWIFT_VERSION = 5.0;
				TARGETED_DEVICE_FAMILY = 1;
			};
			name = Release;
		};
		044CB3212237CBBF00F0A410 /* Debug */ = {
			isa = XCBuildConfiguration;
			buildSettings = {
				ALWAYS_EMBED_SWIFT_STANDARD_LIBRARIES = YES;
				BUNDLE_LOADER = "$(TEST_HOST)";
				CODE_SIGN_STYLE = Automatic;
				DEVELOPMENT_TEAM = N34DY4RDKG;
				INFOPLIST_FILE = "Arbel-IOSTests/Info.plist";
				LD_RUNPATH_SEARCH_PATHS = (
					"$(inherited)",
					"@executable_path/Frameworks",
					"@loader_path/Frameworks",
				);
				PRODUCT_BUNDLE_IDENTIFIER = "marcelloPajntar.Arbel-IOSTests";
				PRODUCT_NAME = "$(TARGET_NAME)";
				SWIFT_VERSION = 5.0;
				TARGETED_DEVICE_FAMILY = "1,2";
				TEST_HOST = "$(BUILT_PRODUCTS_DIR)/Arbel-IOS.app/Arbel-IOS";
			};
			name = Debug;
		};
		044CB3222237CBBF00F0A410 /* Release */ = {
			isa = XCBuildConfiguration;
			buildSettings = {
				ALWAYS_EMBED_SWIFT_STANDARD_LIBRARIES = YES;
				BUNDLE_LOADER = "$(TEST_HOST)";
				CODE_SIGN_STYLE = Automatic;
				DEVELOPMENT_TEAM = N34DY4RDKG;
				INFOPLIST_FILE = "Arbel-IOSTests/Info.plist";
				LD_RUNPATH_SEARCH_PATHS = (
					"$(inherited)",
					"@executable_path/Frameworks",
					"@loader_path/Frameworks",
				);
				PRODUCT_BUNDLE_IDENTIFIER = "marcelloPajntar.Arbel-IOSTests";
				PRODUCT_NAME = "$(TARGET_NAME)";
				SWIFT_VERSION = 5.0;
				TARGETED_DEVICE_FAMILY = "1,2";
				TEST_HOST = "$(BUILT_PRODUCTS_DIR)/Arbel-IOS.app/Arbel-IOS";
			};
			name = Release;
		};
		044CB3242237CBBF00F0A410 /* Debug */ = {
			isa = XCBuildConfiguration;
			buildSettings = {
				ALWAYS_EMBED_SWIFT_STANDARD_LIBRARIES = YES;
				CODE_SIGN_STYLE = Automatic;
				DEVELOPMENT_TEAM = N34DY4RDKG;
				INFOPLIST_FILE = "Arbel-IOSUITests/Info.plist";
				LD_RUNPATH_SEARCH_PATHS = (
					"$(inherited)",
					"@executable_path/Frameworks",
					"@loader_path/Frameworks",
				);
				PRODUCT_BUNDLE_IDENTIFIER = "marcelloPajntar.Arbel-IOSUITests";
				PRODUCT_NAME = "$(TARGET_NAME)";
				SWIFT_VERSION = 5.0;
				TARGETED_DEVICE_FAMILY = "1,2";
				TEST_TARGET_NAME = "Arbel-IOS";
			};
			name = Debug;
		};
		044CB3252237CBBF00F0A410 /* Release */ = {
			isa = XCBuildConfiguration;
			buildSettings = {
				ALWAYS_EMBED_SWIFT_STANDARD_LIBRARIES = YES;
				CODE_SIGN_STYLE = Automatic;
				DEVELOPMENT_TEAM = N34DY4RDKG;
				INFOPLIST_FILE = "Arbel-IOSUITests/Info.plist";
				LD_RUNPATH_SEARCH_PATHS = (
					"$(inherited)",
					"@executable_path/Frameworks",
					"@loader_path/Frameworks",
				);
				PRODUCT_BUNDLE_IDENTIFIER = "marcelloPajntar.Arbel-IOSUITests";
				PRODUCT_NAME = "$(TARGET_NAME)";
				SWIFT_VERSION = 5.0;
				TARGETED_DEVICE_FAMILY = "1,2";
				TEST_TARGET_NAME = "Arbel-IOS";
			};
			name = Release;
		};
/* End XCBuildConfiguration section */

/* Begin XCConfigurationList section */
		044CB2F02237CBBD00F0A410 /* Build configuration list for PBXProject "Arbel-IOS" */ = {
			isa = XCConfigurationList;
			buildConfigurations = (
				044CB31B2237CBBF00F0A410 /* Debug */,
				044CB31C2237CBBF00F0A410 /* Release */,
			);
			defaultConfigurationIsVisible = 0;
			defaultConfigurationName = Release;
		};
		044CB31D2237CBBF00F0A410 /* Build configuration list for PBXNativeTarget "Arbel-IOS" */ = {
			isa = XCConfigurationList;
			buildConfigurations = (
				044CB31E2237CBBF00F0A410 /* Debug */,
				044CB31F2237CBBF00F0A410 /* Release */,
			);
			defaultConfigurationIsVisible = 0;
			defaultConfigurationName = Release;
		};
		044CB3202237CBBF00F0A410 /* Build configuration list for PBXNativeTarget "Arbel-IOSTests" */ = {
			isa = XCConfigurationList;
			buildConfigurations = (
				044CB3212237CBBF00F0A410 /* Debug */,
				044CB3222237CBBF00F0A410 /* Release */,
			);
			defaultConfigurationIsVisible = 0;
			defaultConfigurationName = Release;
		};
		044CB3232237CBBF00F0A410 /* Build configuration list for PBXNativeTarget "Arbel-IOSUITests" */ = {
			isa = XCConfigurationList;
			buildConfigurations = (
				044CB3242237CBBF00F0A410 /* Debug */,
				044CB3252237CBBF00F0A410 /* Release */,
			);
			defaultConfigurationIsVisible = 0;
			defaultConfigurationName = Release;
		};
/* End XCConfigurationList section */
	};
	rootObject = 044CB2ED2237CBBD00F0A410 /* Project object */;
}
